
Microsoft Visual Studio Solution File, Format Version 12.00
# Visual Studio Version 17
VisualStudioVersion = 17.1.32319.34
MinimumVisualStudioVersion = 10.0.40219.1
Project("{FAE04EC0-301F-11D3-BF4B-00C04F79EFBC}") = "SocialMedia.Api", "SocialMedia.Api\SocialMedia.Api.csproj", "{2FF36DAD-A9EB-430B-9CA5-ADDD603C4B88}"
EndProject
Project("{FAE04EC0-301F-11D3-BF4B-00C04F79EFBC}") = "SocialMedia.Core", "SocialMedia.Core\SocialMedia.Core.csproj", "{19D7A6E2-EB91-404F-AABE-0139CB814AA9}"
EndProject
Project("{FAE04EC0-301F-11D3-BF4B-00C04F79EFBC}") = "SocialMedia.Infrastructure", "SocialMedia.Infrastructure\SocialMedia.Infrastructure.csproj", "{E5EFCD57-C0AA-4C2A-9309-81F3B1F66951}"
EndProject
Project("{2150E333-8FDC-42A3-9474-1A3956D46DE8}") = "Tests", "Tests", "{732726BA-1936-4113-9BD5-394A9FD918DB}"
EndProject
Project("{FAE04EC0-301F-11D3-BF4B-00C04F79EFBC}") = "SocialMedia.UnitTests", "SocialMedia.UnitTests\SocialMedia.UnitTests.csproj", "{A8477C93-1413-4D29-8409-7E3BA55B0BFB}"
EndProject
Project("{FAE04EC0-301F-11D3-BF4B-00C04F79EFBC}") = "SocialMedia.IntegralTests", "SocialMedia.IntegralTests\SocialMedia.IntegralTests.csproj", "{AEB23569-1CCA-4D08-9D10-993FCC706980}"
EndProject
Global
	GlobalSection(SolutionConfigurationPlatforms) = preSolution
		Debug|Any CPU = Debug|Any CPU
		Release|Any CPU = Release|Any CPU
	EndGlobalSection
	GlobalSection(ProjectConfigurationPlatforms) = postSolution
		{2FF36DAD-A9EB-430B-9CA5-ADDD603C4B88}.Debug|Any CPU.ActiveCfg = Debug|Any CPU
		{2FF36DAD-A9EB-430B-9CA5-ADDD603C4B88}.Debug|Any CPU.Build.0 = Debug|Any CPU
		{2FF36DAD-A9EB-430B-9CA5-ADDD603C4B88}.Release|Any CPU.ActiveCfg = Release|Any CPU
		{2FF36DAD-A9EB-430B-9CA5-ADDD603C4B88}.Release|Any CPU.Build.0 = Release|Any CPU
		{19D7A6E2-EB91-404F-AABE-0139CB814AA9}.Debug|Any CPU.ActiveCfg = Debug|Any CPU
		{19D7A6E2-EB91-404F-AABE-0139CB814AA9}.Debug|Any CPU.Build.0 = Debug|Any CPU
		{19D7A6E2-EB91-404F-AABE-0139CB814AA9}.Release|Any CPU.ActiveCfg = Release|Any CPU
		{19D7A6E2-EB91-404F-AABE-0139CB814AA9}.Release|Any CPU.Build.0 = Release|Any CPU
		{E5EFCD57-C0AA-4C2A-9309-81F3B1F66951}.Debug|Any CPU.ActiveCfg = Debug|Any CPU
		{E5EFCD57-C0AA-4C2A-9309-81F3B1F66951}.Debug|Any CPU.Build.0 = Debug|Any CPU
		{E5EFCD57-C0AA-4C2A-9309-81F3B1F66951}.Release|Any CPU.ActiveCfg = Release|Any CPU
		{E5EFCD57-C0AA-4C2A-9309-81F3B1F66951}.Release|Any CPU.Build.0 = Release|Any CPU
		{A8477C93-1413-4D29-8409-7E3BA55B0BFB}.Debug|Any CPU.ActiveCfg = Debug|Any CPU
		{A8477C93-1413-4D29-8409-7E3BA55B0BFB}.Debug|Any CPU.Build.0 = Debug|Any CPU
		{A8477C93-1413-4D29-8409-7E3BA55B0BFB}.Release|Any CPU.ActiveCfg = Release|Any CPU
		{A8477C93-1413-4D29-8409-7E3BA55B0BFB}.Release|Any CPU.Build.0 = Release|Any CPU
		{AEB23569-1CCA-4D08-9D10-993FCC706980}.Debug|Any CPU.ActiveCfg = Debug|Any CPU
		{AEB23569-1CCA-4D08-9D10-993FCC706980}.Debug|Any CPU.Build.0 = Debug|Any CPU
		{AEB23569-1CCA-4D08-9D10-993FCC706980}.Release|Any CPU.ActiveCfg = Release|Any CPU
		{AEB23569-1CCA-4D08-9D10-993FCC706980}.Release|Any CPU.Build.0 = Release|Any CPU
	EndGlobalSection
	GlobalSection(SolutionProperties) = preSolution
		HideSolutionNode = FALSE
	EndGlobalSection
	GlobalSection(NestedProjects) = preSolution
		{A8477C93-1413-4D29-8409-7E3BA55B0BFB} = {732726BA-1936-4113-9BD5-394A9FD918DB}
		{AEB23569-1CCA-4D08-9D10-993FCC706980} = {732726BA-1936-4113-9BD5-394A9FD918DB}
	EndGlobalSection
	GlobalSection(ExtensibilityGlobals) = postSolution
		SolutionGuid = {D3BEDEDE-9A53-48D6-B7B3-09EF4FB9C4FB}
	EndGlobalSection
EndGlobal
